# THIS IS AN AUTOGENERATED FILE. DO NOT EDIT THIS FILE DIRECTLY.
# yarn lockfile v1


URIjs@^1.16.1:
  version "1.16.1"
  resolved "https://registry.yarnpkg.com/URIjs/-/URIjs-1.16.1.tgz#edebc678b8b74b26b05d2b481e12383f5ae04b8b"
  integrity sha1-7evGeLi3SyawXStIHhI4P1rgS4s=

addressparser@~0.3.2:
  version "0.3.2"
  resolved "https://registry.yarnpkg.com/addressparser/-/addressparser-0.3.2.tgz#59873f35e8fcf6c7361c10239261d76e15348bb2"
  integrity sha1-WYc/Nej89sc2HBAjkmHXbhU0i7I=

ansi-styles@~1.0.0:
  version "1.0.0"
  resolved "https://registry.yarnpkg.com/ansi-styles/-/ansi-styles-1.0.0.tgz#cb102df1c56f5123eab8b67cd7b98027a0279178"
  integrity sha1-yxAt8cVvUSPquLZ817mAJ6AnkXg=

async@0.9.x:
  version "0.9.2"
  resolved "https://registry.yarnpkg.com/async/-/async-0.9.2.tgz#aea74d5e61c1f899613bf64bda66d4c78f2fd17d"
  integrity sha1-rqdNXmHB+JlhO/ZL2mbUx48v0X0=

async@~0.1.22:
  version "0.1.22"
  resolved "https://registry.yarnpkg.com/async/-/async-0.1.22.tgz#0fc1aaa088a0e3ef0ebe2d8831bab0dcf8845061"
  integrity sha1-D8GqoIig4+8Ovi2IMbqw3PiEUGE=

async@~0.2.9:
  version "0.2.10"
  resolved "https://registry.yarnpkg.com/async/-/async-0.2.10.tgz#b6bbe0b0674b9d719708ca38de8c237cb526c3d1"
  integrity sha1-trvgsGdLnXGXCMo43owjfLUmw9E=

balanced-match@^1.0.0:
  version "1.0.0"
  resolved "https://registry.yarnpkg.com/balanced-match/-/balanced-match-1.0.0.tgz#89b4d199ab2bee49de164ea02b89ce462d71b767"
  integrity sha1-ibTRmasr7kneFk6gK4nORi1xt2c=

barista@0.2.x:
  version "0.2.0"
  resolved "https://registry.yarnpkg.com/barista/-/barista-0.2.0.tgz#b6fc1b31488811bec1fcf1d5ea8bb3bdd9d5e716"
  integrity sha1-tvwbMUiIEb7B/PHV6ouzvdnV5xY=
  dependencies:
    inflection "*"

bcrypt-nodejs@^0.0.3:
  version "0.0.3"
  resolved "https://registry.yarnpkg.com/bcrypt-nodejs/-/bcrypt-nodejs-0.0.3.tgz#c60917f26dc235661566c681061c303c2b28842b"
  integrity sha1-xgkX8m3CNWYVZsaBBhwwPCsohCs=

bcrypt@0.8.x:
  version "0.8.7"
  resolved "https://registry.yarnpkg.com/bcrypt/-/bcrypt-0.8.7.tgz#bc3875a9afd0a7b2cd231a6a7f218a5ce156b093"
  integrity sha1-vDh1qa/Qp7LNIxpqfyGKXOFWsJM=
  dependencies:
    bindings "1.2.1"
    nan "2.3.5"

bindings@1.2.1:
  version "1.2.1"
  resolved "https://registry.yarnpkg.com/bindings/-/bindings-1.2.1.tgz#14ad6113812d2d37d72e67b4cacb4bb726505f11"
  integrity sha1-FK1hE4EtLTfXLme0ystLtyZQXxE=

brace-expansion@^1.1.7:
  version "1.1.11"
  resolved "https://registry.yarnpkg.com/brace-expansion/-/brace-expansion-1.1.11.tgz#3c7fcbf529d87226f3d2f52b966ff5271eb441dd"
  integrity sha512-iCuPHDFgrHX7H2vEI/5xpz07zSHB00TpugqhmYtVmMO6518mCuRMoOYFldEBl0g187ufozdaHgWKcYFb61qGiA==
  dependencies:
    balanced-match "^1.0.0"
    concat-map "0.0.1"

bson@0.1.8:
  version "0.1.8"
  resolved "https://registry.yarnpkg.com/bson/-/bson-0.1.8.tgz#cf34fdcff081a189b589b4b3e5e9309cd6506c81"
  integrity sha1-zzT9z/CBoYm1ibSz5ekwnNZQbIE=

bson@~1.0.4:
  version "1.0.9"
  resolved "https://registry.yarnpkg.com/bson/-/bson-1.0.9.tgz#12319f8323b1254739b7c6bef8d3e89ae05a2f57"
  integrity sha512-IQX9/h7WdMBIW/q/++tGd+emQr0XMdeZ6icnT/74Xk9fnabWn+gZgpE+9V+gujL3hhJOoNrnDVY7tWdzc7NUTg==

buffer-shims@~1.0.0:
  version "1.0.0"
  resolved "https://registry.yarnpkg.com/buffer-shims/-/buffer-shims-1.0.0.tgz#9978ce317388c649ad8793028c3477ef044a8b51"
  integrity sha1-mXjOMXOIxkmth5MCjDR37wRKi1E=

chalk@0.4.x, chalk@^0.4.0:
  version "0.4.0"
  resolved "https://registry.yarnpkg.com/chalk/-/chalk-0.4.0.tgz#5199a3ddcd0c1efe23bc08c1b027b06176e0c64f"
  integrity sha1-UZmj3c0MHv4jvAjBsCewYXbgxk8=
  dependencies:
    ansi-styles "~1.0.0"
    has-color "~0.1.0"
    strip-ansi "~0.1.0"

concat-map@0.0.1:
  version "0.0.1"
  resolved "https://registry.yarnpkg.com/concat-map/-/concat-map-0.0.1.tgz#d8a96bd77fd68df7793a73036a3ba0d5405d477b"
  integrity sha1-2Klr13/Wjfd5OnMDajug1UBdR3s=

core-util-is@~1.0.0:
  version "1.0.2"
  resolved "https://registry.yarnpkg.com/core-util-is/-/core-util-is-1.0.2.tgz#b5fd54220aa2bc5ab57aab7140c940754503c1a7"
  integrity sha1-tf1UIgqivFq1eqtxQMlAdUUDwac=

directmail@~0.1.7:
  version "0.1.8"
  resolved "https://registry.yarnpkg.com/directmail/-/directmail-0.1.8.tgz#e4852c8a0c5519bef4904fcd96d760822f42a446"
  integrity sha1-5IUsigxVGb70kE/Nltdggi9CpEY=
  dependencies:
    simplesmtp "~0.3.30"

dkim-signer@~0.1.1:
  version "0.1.2"
  resolved "https://registry.yarnpkg.com/dkim-signer/-/dkim-signer-0.1.2.tgz#2ff5d61c87d8fbff5a8b131cffc5ec3ba1c25553"
  integrity sha1-L/XWHIfY+/9aixMc/8XsO6HCVVM=
  dependencies:
    mimelib "~0.2.15"
    punycode "~1.2.4"

encoding@~0.1.7:
  version "0.1.12"
  resolved "https://registry.yarnpkg.com/encoding/-/encoding-0.1.12.tgz#538b66f3ee62cd1ab51ec323829d1f9480c74beb"
  integrity sha1-U4tm8+5izRq1HsMjgp0flIDHS+s=
  dependencies:
    iconv-lite "~0.4.13"

es6-promise@3.2.1:
  version "3.2.1"
  resolved "https://registry.yarnpkg.com/es6-promise/-/es6-promise-3.2.1.tgz#ec56233868032909207170c39448e24449dd1fc4"
  integrity sha1-7FYjOGgDKQkgcXDDlEjiREndH8Q=

filelist@0.0.x:
  version "0.0.6"
  resolved "https://registry.yarnpkg.com/filelist/-/filelist-0.0.6.tgz#58a641ad1f57574a27fe87a440ef318834b55719"
  integrity sha1-WKZBrR9XV0on/oekQO8xiDS1Vxk=
  dependencies:
    minimatch "^3.0.3"
    utilities "^0.0.37"

follow-redirects@0.0.3:
  version "0.0.3"
  resolved "https://registry.yarnpkg.com/follow-redirects/-/follow-redirects-0.0.3.tgz#6ce67a24db1fe13f226c1171a72a7ef2b17b8f65"
  integrity sha1-bOZ6JNsf4T8ibBFxpyp+8rF7j2U=
  dependencies:
    underscore ""

geddy-passport@^0.1.8:
  version "0.1.8"
  resolved "https://registry.yarnpkg.com/geddy-passport/-/geddy-passport-0.1.8.tgz#061e6a2a37048f2fa4dc49061ec23c1ba64ab1b1"
  integrity sha1-Bh5qKjcEjy+k3EkGHsI8G6ZKsbE=
  dependencies:
    bcrypt "0.8.x"
    jake "0.5.x"
    nodemailer "0.6.x"
    passport "0.1.x"
    passport-facebook "0.1.x"
    passport-oauth "0.1.x"
    passport-twitter "0.1.x"
    passport-yammer "0.1.x"

geddy@^14.0.0:
  version "14.0.1"
  resolved "https://registry.yarnpkg.com/geddy/-/geddy-14.0.1.tgz#3085f32d404e1363be0a50730b3280a0fced030d"
  integrity sha512-W4MXbJzj4fOMbDfpLxYs+yPYXynda+ln/Fqq1oMOEvbbhJStXQ+3+EpN5bsoRh9mYcpRXQPahfEKalrSnYnjaA==
  dependencies:
    barista "0.2.x"
    chalk "^0.4.0"
    is-promise "^2.0.0"
    jake "^8.0.16"
    mime "1.2.x"
    model "6.0.x"
    tlsopts "0.0.1"
    utilities "1.0.x"

has-color@~0.1.0:
  version "0.1.7"
  resolved "https://registry.yarnpkg.com/has-color/-/has-color-0.1.7.tgz#67144a5260c34fc3cca677d041daf52fe7b78b2f"
  integrity sha1-ZxRKUmDDT8PMpnfQQdr1L+e3iy8=

he@~0.3.6:
  version "0.3.6"
  resolved "https://registry.yarnpkg.com/he/-/he-0.3.6.tgz#9d7bc446e77963933301dd602d5731cb861135e0"
  integrity sha1-nXvERud5Y5MzAd1gLVcxy4YRNeA=

iconv-lite@~0.4.13:
  version "0.4.24"
  resolved "https://registry.yarnpkg.com/iconv-lite/-/iconv-lite-0.4.24.tgz#2022b4b25fbddc21d2f524974a474aafe733908b"
  integrity sha512-v3MXnZAcvnywkTUEZomIActle7RXXeedOR31wwl7VlyoXO4Qi9arvSenNQWne1TcRwhCL1HwLI21bEqdpj8/rA==
  dependencies:
    safer-buffer ">= 2.1.2 < 3"

inflection@*:
  version "1.12.0"
  resolved "https://registry.yarnpkg.com/inflection/-/inflection-1.12.0.tgz#a200935656d6f5f6bc4dc7502e1aecb703228416"
  integrity sha1-ogCTVlbW9fa8TcdQLhrstwMihBY=

inherits@~2.0.1:
  version "2.0.3"
  resolved "https://registry.yarnpkg.com/inherits/-/inherits-2.0.3.tgz#633c2c83e3da42a502f52466022480f4208261de"
  integrity sha1-Yzwsg+PaQqUC9SRmAiSA9CCCYd4=

is-promise@^2.0.0:
  version "2.1.0"
  resolved "https://registry.yarnpkg.com/is-promise/-/is-promise-2.1.0.tgz#79a2a9ece7f096e80f36d2b2f3bc16c1ff4bf3fa"
  integrity sha1-eaKp7OfwlugPNtKy87wWwf9L8/o=

isarray@0.0.1:
  version "0.0.1"
  resolved "https://registry.yarnpkg.com/isarray/-/isarray-0.0.1.tgz#8a18acfca9a8f4177e09abfc6038939b05d1eedf"
  integrity sha1-ihis/Kmo9Bd+Cav8YDiTmwXR7t8=

isarray@~1.0.0:
  version "1.0.0"
  resolved "https://registry.yarnpkg.com/isarray/-/isarray-1.0.0.tgz#bb935d48582cba168c06834957a54a3e07124f11"
  integrity sha1-u5NdSFgsuhaMBoNJV6VKPgcSTxE=

jake@0.5.x:
  version "0.5.18"
  resolved "https://registry.yarnpkg.com/jake/-/jake-0.5.18.tgz#4b619cd874b9ff1887531964f47734385befe09d"
  integrity sha1-S2Gc2HS5/xiHUxlk9Hc0OFvv4J0=
  dependencies:
    minimatch "0.2.x"
    utilities "0.0.x"

jake@^8.0.16:
  version "8.1.1"
  resolved "https://registry.yarnpkg.com/jake/-/jake-8.1.1.tgz#435b24563f6996b0d63e429969a7de54d8417c6c"
  integrity sha512-RJUWDas5xu4rP6CbCPqkVP9+vglMPThhZIj08EtjSiUBpwRtVjhShPKIpETyEhy/Z1hEk97qITxbZK+WXtSyzw==
  dependencies:
    async "0.9.x"
    chalk "0.4.x"
    filelist "0.0.x"
    minimatch "3.x"
    utilities "1.0.x"

lru-cache@2:
  version "2.7.3"
  resolved "https://registry.yarnpkg.com/lru-cache/-/lru-cache-2.7.3.tgz#6d4524e8b955f95d4f5b58851ce21dd72fb4e952"
  integrity sha1-bUUk6LlV+V1PW1iFHOId1y+06VI=

mailcomposer@~0.2.10:
  version "0.2.12"
  resolved "https://registry.yarnpkg.com/mailcomposer/-/mailcomposer-0.2.12.tgz#4d02a604616adcb45fb36d37513f4c1bd0b75681"
  integrity sha1-TQKmBGFq3LRfs203UT9MG9C3VoE=
  dependencies:
    dkim-signer "~0.1.1"
    follow-redirects "0.0.3"
    he "~0.3.6"
    mime "~1.2.11"
    mimelib "~0.2.15"

mime@1.2.x, mime@~1.2.11:
  version "1.2.11"
  resolved "https://registry.yarnpkg.com/mime/-/mime-1.2.11.tgz#58203eed86e3a5ef17aed2b7d9ebd47f0a60dd10"
  integrity sha1-WCA+7Ybjpe8XrtK32evUfwpg3RA=

mimelib@~0.2.15:
  version "0.2.19"
  resolved "https://registry.yarnpkg.com/mimelib/-/mimelib-0.2.19.tgz#37ec90a6ac7d00954851d0b2c31618f0a49da0ee"
  integrity sha1-N+yQpqx9AJVIUdCywxYY8KSdoO4=
  dependencies:
    addressparser "~0.3.2"
    encoding "~0.1.7"

minimatch@0.2.x:
  version "0.2.14"
  resolved "https://registry.yarnpkg.com/minimatch/-/minimatch-0.2.14.tgz#c74e780574f63c6f9a090e90efbe6ef53a6a756a"
  integrity sha1-x054BXT2PG+aCQ6Q775u9TpqdWo=
  dependencies:
    lru-cache "2"
    sigmund "~1.0.0"

minimatch@3.x, minimatch@^3.0.3:
  version "3.0.4"
  resolved "https://registry.yarnpkg.com/minimatch/-/minimatch-3.0.4.tgz#5166e286457f03306064be5497e8dbb0c3d32083"
  integrity sha512-yJHVQEhyqPLUTgt9B83PXu6W3rx4MvvHvSUvToogpwoGDOUQ+yDrR0HRot+yOCdCO7u4hX3pWft6kWBBcqh0UA==
  dependencies:
    brace-expansion "^1.1.7"

model@6.0.x:
  version "6.0.1"
  resolved "https://registry.yarnpkg.com/model/-/model-6.0.1.tgz#db70e97ba5d452d06b79e8789358c0ba45292f2e"
  integrity sha1-23Dpe6XUUtBreeh4k1jAukUpLy4=
  dependencies:
    utilities "1.0.x"

moment@^2.18.1:
  version "2.24.0"
  resolved "https://registry.yarnpkg.com/moment/-/moment-2.24.0.tgz#0d055d53f5052aa653c9f6eb68bb5d12bf5c2b5b"
  integrity sha512-bV7f+6l2QigeBBZSM/6yTNq4P2fNpSWj/0e7jQcy87A8e7o2nAfP/34/2ky5Vw4B9S446EtIhodAzkFCcR4dQg==

mongodb-core@2.1.20:
  version "2.1.20"
  resolved "https://registry.yarnpkg.com/mongodb-core/-/mongodb-core-2.1.20.tgz#fece8dd76b59ee7d7f2d313b65322c160492d8f1"
  integrity sha512-IN57CX5/Q1bhDq6ShAR6gIv4koFsZP7L8WOK1S0lR0pVDQaScffSMV5jxubLsmZ7J+UdqmykKw4r9hG3XQEGgQ==
  dependencies:
    bson "~1.0.4"
    require_optional "~1.0.0"

mongodb-wrapper@^1.0.3:
  version "1.0.3"
  resolved "https://registry.yarnpkg.com/mongodb-wrapper/-/mongodb-wrapper-1.0.3.tgz#8bae5f47d8d721004df228df17d3583560cde04d"
  integrity sha1-i65fR9jXIQBN8ijfF9NYNWDN4E0=
  dependencies:
    async "~0.1.22"
    mongodb "1.2.x"

mongodb@1.2.x:
  version "1.2.14"
  resolved "https://registry.yarnpkg.com/mongodb/-/mongodb-1.2.14.tgz#269665552066437308d0942036646e6795c3a9a3"
  integrity sha1-JpZlVSBmQ3MI0JQgNmRuZ5XDqaM=
  dependencies:
    bson "0.1.8"

mongodb@^2.2.31:
  version "2.2.36"
  resolved "https://registry.yarnpkg.com/mongodb/-/mongodb-2.2.36.tgz#1c573680b2849fb0f47acbba3dc5fa228de975f5"
  integrity sha512-P2SBLQ8Z0PVx71ngoXwo12+FiSfbNfGOClAao03/bant5DgLNkOPAck5IaJcEk4gKlQhDEURzfR3xuBG1/B+IA==
  dependencies:
    es6-promise "3.2.1"
    mongodb-core "2.1.20"
    readable-stream "2.2.7"

nan@2.3.5:
  version "2.3.5"
  resolved "https://registry.yarnpkg.com/nan/-/nan-2.3.5.tgz#822a0dc266290ce4cd3a12282ca3e7e364668a08"
  integrity sha1-gioNwmYpDOTNOhIoLKPn42Rmigg=

nodemailer@0.6.x:
  version "0.6.5"
  resolved "https://registry.yarnpkg.com/nodemailer/-/nodemailer-0.6.5.tgz#d7ccae72459a944cb97dd6b75ee0376270d5f57c"
  integrity sha1-18yuckWalEy5fda3XuA3YnDV9Xw=
  dependencies:
    directmail "~0.1.7"
    he "~0.3.6"
    mailcomposer "~0.2.10"
    public-address "~0.1.1"
    simplesmtp "~0.2 || ~0.3.30"
  optionalDependencies:
    readable-stream "~1.1.9"

nodemailer@^4.1.0:
  version "4.7.0"
  resolved "https://registry.yarnpkg.com/nodemailer/-/nodemailer-4.7.0.tgz#4420e06abfffd77d0618f184ea49047db84f4ad8"
  integrity sha512-IludxDypFpYw4xpzKdMAozBSkzKHmNBvGanUREjJItgJ2NYcK/s8+PggVhj7c2yGFQykKsnnmv1+Aqo0ZfjHmw==

oauth@0.9.x:
  version "0.9.15"
  resolved "https://registry.yarnpkg.com/oauth/-/oauth-0.9.15.tgz#bd1fefaf686c96b75475aed5196412ff60cfb9c1"
  integrity sha1-vR/vr2hslrdUda7VGWQS/2DPucE=

passport-facebook@0.1.0:
  version "0.1.0"
  resolved "https://registry.yarnpkg.com/passport-facebook/-/passport-facebook-0.1.0.tgz#6e9fb3354505849dda60db4a093112359d675941"
  integrity sha1-bp+zNUUFhJ3aYNtKCTESNZ1nWUE=
  dependencies:
    passport-oauth ">= 0.1.0"

passport-facebook@0.1.x:
  version "0.1.6"
  resolved "https://registry.yarnpkg.com/passport-facebook/-/passport-facebook-0.1.6.tgz#1db2141f4cf275a8b5d8504c71708b4c4d98581c"
  integrity sha1-HbIUH0zydai12FBMcXCLTE2YWBw=
  dependencies:
    passport-oauth "~0.1.2"
    pkginfo "0.2.x"

passport-oauth1@1.x.x:
  version "1.1.0"
  resolved "https://registry.yarnpkg.com/passport-oauth1/-/passport-oauth1-1.1.0.tgz#a7de988a211f9cf4687377130ea74df32730c918"
  integrity sha1-p96YiiEfnPRoc3cTDqdN8ycwyRg=
  dependencies:
    oauth "0.9.x"
    passport-strategy "1.x.x"
    utils-merge "1.x.x"

passport-oauth2@1.x.x:
  version "1.4.0"
  resolved "https://registry.yarnpkg.com/passport-oauth2/-/passport-oauth2-1.4.0.tgz#f62f81583cbe12609be7ce6f160b9395a27b86ad"
  integrity sha1-9i+BWDy+EmCb585vFguTlaJ7hq0=
  dependencies:
    oauth "0.9.x"
    passport-strategy "1.x.x"
    uid2 "0.0.x"
    utils-merge "1.x.x"

passport-oauth@0.1.x, passport-oauth@~0.1.2:
  version "0.1.15"
  resolved "https://registry.yarnpkg.com/passport-oauth/-/passport-oauth-0.1.15.tgz#fb74e0afe84614bfa256c5fc716cc56bbfc8cec0"
  integrity sha1-+3Tgr+hGFL+iVsX8cWzFa7/IzsA=
  dependencies:
    oauth "0.9.x"
    passport "~0.1.1"
    pkginfo "0.2.x"

"passport-oauth@>= 0.1.0":
  version "1.0.0"
  resolved "https://registry.yarnpkg.com/passport-oauth/-/passport-oauth-1.0.0.tgz#90aff63387540f02089af28cdad39ea7f80d77df"
  integrity sha1-kK/2M4dUDwIImvKM2tOep/gNd98=
  dependencies:
    passport-oauth1 "1.x.x"
    passport-oauth2 "1.x.x"

passport-strategy@1.x.x:
  version "1.0.0"
  resolved "https://registry.yarnpkg.com/passport-strategy/-/passport-strategy-1.0.0.tgz#b5539aa8fc225a3d1ad179476ddf236b440f52e4"
  integrity sha1-tVOaqPwiWj0a0XlHbd8ja0QPUuQ=

passport-twitter@0.1.0:
  version "0.1.0"
  resolved "https://registry.yarnpkg.com/passport-twitter/-/passport-twitter-0.1.0.tgz#d6965e7e2a03648990a259406c39e3fb162e182f"
  integrity sha1-1pZefioDZImQollAbDnj+xYuGC8=
  dependencies:
    passport-oauth ">= 0.1.0"

passport-twitter@0.1.x:
  version "0.1.5"
  resolved "https://registry.yarnpkg.com/passport-twitter/-/passport-twitter-0.1.5.tgz#d09aa2c2297d0214b6d7755bf59b392e3e03fbb2"
  integrity sha1-0Jqiwil9AhS213Vb9Zs5Lj4D+7I=
  dependencies:
    passport-oauth "0.1.x"
    pkginfo "0.2.x"

passport-yammer@0.1.x:
  version "0.1.2"
  resolved "https://registry.yarnpkg.com/passport-yammer/-/passport-yammer-0.1.2.tgz#1a8037f43c1cb2eb67fdf8043e59807495d4eab9"
  integrity sha1-GoA39Dwcsutn/fgEPlmAdJXU6rk=
  dependencies:
    passport-oauth "0.1.x"
    pkginfo "0.2.x"

passport@0.1.0:
  version "0.1.0"
  resolved "https://registry.yarnpkg.com/passport/-/passport-0.1.0.tgz#df29f14d342c4f42f1f42d9329be97b61a04175d"
  integrity sha1-3ynxTTQsT0Lx9C2TKb6XthoEF10=

passport@0.1.x, passport@~0.1.1:
  version "0.1.18"
  resolved "https://registry.yarnpkg.com/passport/-/passport-0.1.18.tgz#c8264479dcb6414cadbb66752d12b37e0b6525a1"
  integrity sha1-yCZEedy2QUytu2Z1LRKzfgtlJaE=
  dependencies:
    pause "0.0.1"
    pkginfo "0.2.x"

pause@0.0.1:
  version "0.0.1"
  resolved "https://registry.yarnpkg.com/pause/-/pause-0.0.1.tgz#1d408b3fdb76923b9543d96fb4c9dfd535d9cb5d"
  integrity sha1-HUCLP9t2kjuVQ9lvtMnf1TXZy10=

pkginfo@0.2.x:
  version "0.2.3"
  resolved "https://registry.yarnpkg.com/pkginfo/-/pkginfo-0.2.3.tgz#7239c42a5ef6c30b8f328439d9b9ff71042490f8"
  integrity sha1-cjnEKl72wwuPMoQ52bn/cQQkkPg=

process-nextick-args@~1.0.6:
  version "1.0.7"
  resolved "https://registry.yarnpkg.com/process-nextick-args/-/process-nextick-args-1.0.7.tgz#150e20b756590ad3f91093f25a4f2ad8bff30ba3"
  integrity sha1-FQ4gt1ZZCtP5EJPyWk8q2L/zC6M=

public-address@~0.1.1:
  version "0.1.2"
  resolved "https://registry.yarnpkg.com/public-address/-/public-address-0.1.2.tgz#f95f3e0cf28b89f965b0f188fd1267ac0856552f"
  integrity sha1-+V8+DPKLifllsPGI/RJnrAhWVS8=

punycode@~1.2.4:
  version "1.2.4"
  resolved "https://registry.yarnpkg.com/punycode/-/punycode-1.2.4.tgz#54008ac972aec74175def9cba6df7fa9d3918740"
  integrity sha1-VACKyXKux0F13vnLpt9/qdORh0A=

rai@~0.1.11:
  version "0.1.12"
  resolved "https://registry.yarnpkg.com/rai/-/rai-0.1.12.tgz#8ccfd014d0f9608630dd73c19b8e4b057754a6a6"
  integrity sha1-jM/QFND5YIYw3XPBm45LBXdUpqY=

readable-stream@2.2.7:
  version "2.2.7"
  resolved "https://registry.yarnpkg.com/readable-stream/-/readable-stream-2.2.7.tgz#07057acbe2467b22042d36f98c5ad507054e95b1"
  integrity sha1-BwV6y+JGeyIELTb5jFrVBwVOlbE=
  dependencies:
    buffer-shims "~1.0.0"
    core-util-is "~1.0.0"
    inherits "~2.0.1"
    isarray "~1.0.0"
    process-nextick-args "~1.0.6"
    string_decoder "~1.0.0"
    util-deprecate "~1.0.1"

readable-stream@~1.1.9:
  version "1.1.14"
  resolved "https://registry.yarnpkg.com/readable-stream/-/readable-stream-1.1.14.tgz#7cf4c54ef648e3813084c636dd2079e166c081d9"
  integrity sha1-fPTFTvZI44EwhMY23SB54WbAgdk=
  dependencies:
    core-util-is "~1.0.0"
    inherits "~2.0.1"
    isarray "0.0.1"
    string_decoder "~0.10.x"

require_optional@~1.0.0:
  version "1.0.1"
  resolved "https://registry.yarnpkg.com/require_optional/-/require_optional-1.0.1.tgz#4cf35a4247f64ca3df8c2ef208cc494b1ca8fc2e"
  integrity sha512-qhM/y57enGWHAe3v/NcwML6a3/vfESLe/sGM2dII+gEO0BpKRUkWZow/tyloNqJyN6kXSl3RyyM8Ll5D/sJP8g==
  dependencies:
    resolve-from "^2.0.0"
    semver "^5.1.0"

resolve-from@^2.0.0:
  version "2.0.0"
  resolved "https://registry.yarnpkg.com/resolve-from/-/resolve-from-2.0.0.tgz#9480ab20e94ffa1d9e80a804c7ea147611966b57"
  integrity sha1-lICrIOlP+h2egKgEx+oUdhGWa1c=

safe-buffer@~5.1.0:
  version "5.1.2"
  resolved "https://registry.yarnpkg.com/safe-buffer/-/safe-buffer-5.1.2.tgz#991ec69d296e0313747d59bdfd2b745c35f8828d"
  integrity sha512-Gd2UZBJDkXlY7GbJxfsE8/nvKkUEU1G38c1siN6QP6a9PT9MmHB8GnpscSmMJSoF8LOIrt8ud/wPtojys4G6+g==

"safer-buffer@>= 2.1.2 < 3":
  version "2.1.2"
  resolved "https://registry.yarnpkg.com/safer-buffer/-/safer-buffer-2.1.2.tgz#44fa161b0187b9549dd84bb91802f9bd8385cd6a"
  integrity sha512-YZo3K82SD7Riyi0E1EQPojLz7kpepnSQI9IyPbHHg1XXXevb5dJI7tpyN2ADxGcQbHG7vcyRHk0cbwqcQriUtg==

semver@^5.1.0:
  version "5.6.0"
  resolved "https://registry.yarnpkg.com/semver/-/semver-5.6.0.tgz#7e74256fbaa49c75aa7c7a205cc22799cac80004"
  integrity sha512-RS9R6R35NYgQn++fkDWaOmqGoj4Ek9gGs+DPxNUZKuwE183xjJroKvyo1IzVFeXvUrvmALy6FWD5xrdJT25gMg==

should-equal@^2.0.0:
  version "2.0.0"
  resolved "https://registry.yarnpkg.com/should-equal/-/should-equal-2.0.0.tgz#6072cf83047360867e68e98b09d71143d04ee0c3"
  integrity sha512-ZP36TMrK9euEuWQYBig9W55WPC7uo37qzAEmbjHz4gfyuXrEUgF8cUvQVO+w+d3OMfPvSRQJ22lSm8MQJ43LTA==
  dependencies:
    should-type "^1.4.0"

should-format@^3.0.3:
  version "3.0.3"
  resolved "https://registry.yarnpkg.com/should-format/-/should-format-3.0.3.tgz#9bfc8f74fa39205c53d38c34d717303e277124f1"
  integrity sha1-m/yPdPo5IFxT04w01xcwPidxJPE=
  dependencies:
    should-type "^1.3.0"
    should-type-adaptors "^1.0.1"

should-type-adaptors@^1.0.1:
  version "1.1.0"
  resolved "https://registry.yarnpkg.com/should-type-adaptors/-/should-type-adaptors-1.1.0.tgz#401e7f33b5533033944d5cd8bf2b65027792e27a"
  integrity sha512-JA4hdoLnN+kebEp2Vs8eBe9g7uy0zbRo+RMcU0EsNy+R+k049Ki+N5tT5Jagst2g7EAja+euFuoXFCa8vIklfA==
  dependencies:
    should-type "^1.3.0"
    should-util "^1.0.0"

should-type@^1.3.0, should-type@^1.4.0:
  version "1.4.0"
  resolved "https://registry.yarnpkg.com/should-type/-/should-type-1.4.0.tgz#0756d8ce846dfd09843a6947719dfa0d4cff5cf3"
  integrity sha1-B1bYzoRt/QmEOmlHcZ36DUz/XPM=

should-util@^1.0.0:
  version "1.0.0"
  resolved "https://registry.yarnpkg.com/should-util/-/should-util-1.0.0.tgz#c98cda374aa6b190df8ba87c9889c2b4db620063"
  integrity sha1-yYzaN0qmsZDfi6h8mInCtNtiAGM=

should@^12.0.0:
  version "12.0.0"
  resolved "https://registry.yarnpkg.com/should/-/should-12.0.0.tgz#846667cd241691a6509fff0820f44d39143ddcf7"
  integrity sha512-KH4k3fjCizyfLCRBUpLOPXTi8WHJoluehIZsxVeIxlrSRFk4FgoZxjZXBlyXt4h9FdOi1j/y0SYJWmcrF0UYhA==
  dependencies:
    should-equal "^2.0.0"
    should-format "^3.0.3"
    should-type "^1.4.0"
    should-type-adaptors "^1.0.1"
    should-util "^1.0.0"

sigmund@~1.0.0:
  version "1.0.1"
  resolved "https://registry.yarnpkg.com/sigmund/-/sigmund-1.0.1.tgz#3ff21f198cad2175f9f3b781853fd94d0d19b590"
  integrity sha1-P/IfGYytIXX587eBhT/ZTQ0ZtZA=

"simplesmtp@~0.2 || ~0.3.30", simplesmtp@~0.3.30:
  version "0.3.35"
  resolved "https://registry.yarnpkg.com/simplesmtp/-/simplesmtp-0.3.35.tgz#017b1eb8b26317ac36d2a2a8a932631880736a03"
  integrity sha1-AXseuLJjF6w20qKoqTJjGIBzagM=
  dependencies:
    rai "~0.1.11"
    xoauth2 "~0.1.8"

string_decoder@~0.10.x:
  version "0.10.31"
  resolved "https://registry.yarnpkg.com/string_decoder/-/string_decoder-0.10.31.tgz#62e203bc41766c6c28c9fc84301dab1c5310fa94"
  integrity sha1-YuIDvEF2bGwoyfyEMB2rHFMQ+pQ=

string_decoder@~1.0.0:
  version "1.0.3"
  resolved "https://registry.yarnpkg.com/string_decoder/-/string_decoder-1.0.3.tgz#0fc67d7c141825de94282dd536bec6b9bce860ab"
  integrity sha512-4AH6Z5fzNNBcH+6XDMfA/BTt87skxqJlO0lAh3Dker5zThcAxG6mKz+iGu308UKoPPQ8Dcqx/4JhujzltRa+hQ==
  dependencies:
    safe-buffer "~5.1.0"

strip-ansi@~0.1.0:
  version "0.1.1"
  resolved "https://registry.yarnpkg.com/strip-ansi/-/strip-ansi-0.1.1.tgz#39e8a98d044d150660abe4a6808acf70bb7bc991"
  integrity sha1-OeipjQRNFQZgq+SmgIrPcLt7yZE=

tlsopts@0.0.1:
  version "0.0.1"
  resolved "https://registry.yarnpkg.com/tlsopts/-/tlsopts-0.0.1.tgz#1a184fe33304d09dfd0db2341b8842075e928eeb"
  integrity sha1-GhhP4zME0J39DbI0G4hCB16Sjus=
  dependencies:
    async "~0.2.9"

typescript@^3.2.4:
  version "3.3.3"
  resolved "https://registry.yarnpkg.com/typescript/-/typescript-3.3.3.tgz#f1657fc7daa27e1a8930758ace9ae8da31403221"
  integrity sha512-Y21Xqe54TBVp+VDSNbuDYdGw0BpoR/Q6wo/+35M8PAU0vipahnyduJWirxxdxjsAkS7hue53x2zp8gz7F05u0A==

uid2@0.0.x:
  version "0.0.3"
  resolved "https://registry.yarnpkg.com/uid2/-/uid2-0.0.3.tgz#483126e11774df2f71b8b639dcd799c376162b82"
  integrity sha1-SDEm4Rd03y9xuLY53NeZw3YWK4I=

underscore@:
  version "1.9.1"
  resolved "https://registry.yarnpkg.com/underscore/-/underscore-1.9.1.tgz#06dce34a0e68a7babc29b365b8e74b8925203961"
  integrity sha512-5/4etnCkd9c8gwgowi5/om/mYO5ajCaOgdzj/oW+0eQV9WxKBDZw5+ycmKmeaTXjInS/W0BzpGLo2xR2aBwZdg==

util-deprecate@~1.0.1:
  version "1.0.2"
  resolved "https://registry.yarnpkg.com/util-deprecate/-/util-deprecate-1.0.2.tgz#450d4dc9fa70de732762fbd2d4a28981419a0ccf"
  integrity sha1-RQ1Nyfpw3nMnYvvS1KKJgUGaDM8=

utilities@0.0.x:
  version "0.0.40"
  resolved "https://registry.yarnpkg.com/utilities/-/utilities-0.0.40.tgz#316872b282455d5e286b02a5cf91d31f65027a6c"
  integrity sha1-MWhysoJFXV4oawKlz5HTH2UCemw=

utilities@1.0.x:
  version "1.0.5"
  resolved "https://registry.yarnpkg.com/utilities/-/utilities-1.0.5.tgz#f2b77a88f3510733fc7215b5c486a504a75ab245"
  integrity sha1-8rd6iPNRBzP8chW1xIalBKdaskU=

utilities@^0.0.37:
  version "0.0.37"
  resolved "https://registry.yarnpkg.com/utilities/-/utilities-0.0.37.tgz#a3470d0a7f688142d9e8a57cee1128f12e19e196"
  integrity sha1-o0cNCn9ogULZ6KV87hEo8S4Z4ZY=

utils-merge@1.x.x:
  version "1.0.1"
  resolved "https://registry.yarnpkg.com/utils-merge/-/utils-merge-1.0.1.tgz#9f95710f50a267947b2ccc124741c1028427e713"
  integrity sha1-n5VxD1CiZ5R7LMwSR0HBAoQn5xM=

xoauth2@~0.1.8:
  version "0.1.8"
  resolved "https://registry.yarnpkg.com/xoauth2/-/xoauth2-0.1.8.tgz#b916ff10ecfb54320f16f24a3e975120653ab0d2"
  integrity sha1-uRb/EOz7VDIPFvJKPpdRIGU6sNI=
